// !$*UTF8*$!
{
	archiveVersion = 1;
	classes = {
	};
	objectVersion = 50;
	objects = {

/* Begin PBXBuildFile section */
		9BAD82AF2283FBE5003752DF /* AppDelegate.swift in Sources */ = {isa = PBXBuildFile; fileRef = 9BAD82AE2283FBE5003752DF /* AppDelegate.swift */; };
		9BAD82B12283FBE5003752DF /* art.scnassets in Resources */ = {isa = PBXBuildFile; fileRef = 9BAD82B02283FBE5003752DF /* art.scnassets */; };
		9BAD82B32283FBE5003752DF /* GameViewController.swift in Sources */ = {isa = PBXBuildFile; fileRef = 9BAD82B22283FBE5003752DF /* GameViewController.swift */; };
		9BAD82B62283FBE5003752DF /* Main.storyboard in Resources */ = {isa = PBXBuildFile; fileRef = 9BAD82B42283FBE5003752DF /* Main.storyboard */; };
		9BAD82B82283FBE6003752DF /* Assets.xcassets in Resources */ = {isa = PBXBuildFile; fileRef = 9BAD82B72283FBE6003752DF /* Assets.xcassets */; };
		9BAD82BB2283FBE6003752DF /* LaunchScreen.storyboard in Resources */ = {isa = PBXBuildFile; fileRef = 9BAD82B92283FBE6003752DF /* LaunchScreen.storyboard */; };
/* End PBXBuildFile section */

/* Begin PBXFileReference section */
		9BAD82AB2283FBE5003752DF /* Game1SceneKit.app */ = {isa = PBXFileReference; explicitFileType = wrapper.application; includeInIndex = 0; path = Game1SceneKit.app; sourceTree = BUILT_PRODUCTS_DIR; };
		9BAD82AE2283FBE5003752DF /* AppDelegate.swift */ = {isa = PBXFileReference; lastKnownFileType = sourcecode.swift; path = AppDelegate.swift; sourceTree = "<group>"; };
		9BAD82B02283FBE5003752DF /* art.scnassets */ = {isa = PBXFileReference; lastKnownFileType = wrapper.scnassets; path = art.scnassets; sourceTree = "<group>"; };
		9BAD82B22283FBE5003752DF /* GameViewController.swift */ = {isa = PBXFileReference; lastKnownFileType = sourcecode.swift; path = GameViewController.swift; sourceTree = "<group>"; };
		9BAD82B52283FBE5003752DF /* Base */ = {isa = PBXFileReference; lastKnownFileType = file.storyboard; name = Base; path = Base.lproj/Main.storyboard; sourceTree = "<group>"; };
		9BAD82B72283FBE6003752DF /* Assets.xcassets */ = {isa = PBXFileReference; lastKnownFileType = folder.assetcatalog; path = Assets.xcassets; sourceTree = "<group>"; };
		9BAD82BA2283FBE6003752DF /* Base */ = {isa = PBXFileReference; lastKnownFileType = file.storyboard; name = Base; path = Base.lproj/LaunchScreen.storyboard; sourceTree = "<group>"; };
		9BAD82BC2283FBE6003752DF /* Info.plist */ = {isa = PBXFileReference; lastKnownFileType = text.plist.xml; path = Info.plist; sourceTree = "<group>"; };
/* End PBXFileReference section */

/* Begin PBXFrameworksBuildPhase section */
		9BAD82A82283FBE5003752DF /* Frameworks */ = {
			isa = PBXFrameworksBuildPhase;
			buildActionMask = 2147483647;
			files = (
			);
			runOnlyForDeploymentPostprocessing = 0;
		};
/* End PBXFrameworksBuildPhase section */

/* Begin PBXGroup section */
		9BAD82A22283FBE5003752DF = {
			isa = PBXGroup;
			children = (
				9BAD82AD2283FBE5003752DF /* Game1SceneKit */,
				9BAD82AC2283FBE5003752DF /* Products */,
			);
			sourceTree = "<group>";
		};
		9BAD82AC2283FBE5003752DF /* Products */ = {
			isa = PBXGroup;
			children = (
				9BAD82AB2283FBE5003752DF /* Game1SceneKit.app */,
			);
			name = Products;
			sourceTree = "<group>";
		};
		9BAD82AD2283FBE5003752DF /* Game1SceneKit */ = {
			isa = PBXGroup;
			children = (
				9BAD82AE2283FBE5003752DF /* AppDelegate.swift */,
				9BAD82B02283FBE5003752DF /* art.scnassets */,
				9BAD82B22283FBE5003752DF /* GameViewController.swift */,
				9BAD82B42283FBE5003752DF /* Main.storyboard */,
				9BAD82B72283FBE6003752DF /* Assets.xcassets */,
				9BAD82B92283FBE6003752DF /* LaunchScreen.storyboard */,
				9BAD82BC2283FBE6003752DF /* Info.plist */,
			);
			path = Game1SceneKit;
			sourceTree = "<group>";
		};
/* End PBXGroup section */

/* Begin PBXNativeTarget section */
		9BAD82AA2283FBE5003752DF /* Game1SceneKit */ = {
			isa = PBXNativeTarget;
			buildConfigurationList = 9BAD82BF2283FBE6003752DF /* Build configuration list for PBXNativeTarget "Game1SceneKit" */;
			buildPhases = (
				9BAD82A72283FBE5003752DF /* Sources */,
				9BAD82A82283FBE5003752DF /* Frameworks */,
				9BAD82A92283FBE5003752DF /* Resources */,
			);
			buildRules = (
			);
			dependencies = (
			);
			name = Game1SceneKit;
			productName = Game1SceneKit;
			productReference = 9BAD82AB2283FBE5003752DF /* Game1SceneKit.app */;
			productType = "com.apple.product-type.application";
		};
/* End PBXNativeTarget section */

/* Begin PBXProject section */
		9BAD82A32283FBE5003752DF /* Project object */ = {
			isa = PBXProject;
			attributes = {
				LastSwiftUpdateCheck = 1020;
				LastUpgradeCheck = 1020;
				ORGANIZATIONNAME = Boppo;
				TargetAttributes = {
					9BAD82AA2283FBE5003752DF = {
						CreatedOnToolsVersion = 10.2;
					};
				};
			};
			buildConfigurationList = 9BAD82A62283FBE5003752DF /* Build configuration list for PBXProject "Game1SceneKit" */;
			compatibilityVersion = "Xcode 9.3";
			developmentRegion = en;
			hasScannedForEncodings = 0;
			knownRegions = (
				en,
				Base,
			);
			mainGroup = 9BAD82A22283FBE5003752DF;
			productRefGroup = 9BAD82AC2283FBE5003752DF /* Products */;
			projectDirPath = "";
			projectRoot = "";
			targets = (
				9BAD82AA2283FBE5003752DF /* Game1SceneKit */,
			);
		};
/* End PBXProject section */

/* Begin PBXResourcesBuildPhase section */
		9BAD82A92283FBE5003752DF /* Resources */ = {
			isa = PBXResourcesBuildPhase;
			buildActionMask = 2147483647;
			files = (
				9BAD82B12283FBE5003752DF /* art.scnassets in Resources */,
				9BAD82BB2283FBE6003752DF /* LaunchScreen.storyboard in Resources */,
				9BAD82B82283FBE6003752DF /* Assets.xcassets in Resources */,
				9BAD82B62283FBE5003752DF /* Main.storyboard in Resources */,
			);
			runOnlyForDeploymentPostprocessing = 0;
		};
/* End PBXResourcesBuildPhase section */

/* Begin PBXSourcesBuildPhase section */
		9BAD82A72283FBE5003752DF /* Sources */ = {
			isa = PBXSourcesBuildPhase;
			buildActionMask = 2147483647;
			files = (
				9BAD82B32283FBE5003752DF /* GameViewController.swift in Sources */,
				9BAD82AF2283FBE5003752DF /* AppDelegate.swift in Sources */,
			);
			runOnlyForDeploymentPostprocessing = 0;
		};
/* End PBXSourcesBuildPhase section */

/* Begin PBXVariantGroup section */
		9BAD82B42283FBE5003752DF /* Main.storyboard */ = {
			isa = PBXVariantGroup;
			children = (
				9BAD82B52283FBE5003752DF /* Base */,
			);
			name = Main.storyboard;
			sourceTree = "<group>";
		};
		9BAD82B92283FBE6003752DF /* LaunchScreen.storyboard */ = {
			isa = PBXVariantGroup;
			children = (
				9BAD82BA2283FBE6003752DF /* Base */,
			);
			name = LaunchScreen.storyboard;
			sourceTree = "<group>";
		};
/* End PBXVariantGroup section */

/* Begin XCBuildConfiguration section */
		9BAD82BD2283FBE6003752DF /* Debug */ = {
			isa = XCBuildConfiguration;
			buildSettings = {
				ALWAYS_SEARCH_USER_PATHS = NO;
				CLANG_ANALYZER_NONNULL = YES;
				CLANG_ANALYZER_NUMBER_OBJECT_CONVERSION = YES_AGGRESSIVE;
				CLANG_CXX_LANGUAGE_STANDARD = "gnu++14";
				CLANG_CXX_LIBRARY = "libc++";
				CLANG_ENABLE_MODULES = YES;
				CLANG_ENABLE_OBJC_ARC = YES;
				CLANG_ENABLE_OBJC_WEAK = YES;
				CLANG_WARN_BLOCK_CAPTURE_AUTORELEASING = YES;
				CLANG_WARN_BOOL_CONVERSION = YES;
				CLANG_WARN_COMMA = YES;
				CLANG_WARN_CONSTANT_CONVERSION = YES;
				CLANG_WARN_DEPRECATED_OBJC_IMPLEMENTATIONS = YES;
				CLANG_WARN_DIRECT_OBJC_ISA_USAGE = YES_ERROR;
				CLANG_WARN_DOCUMENTATION_COMMENTS = YES;
				CLANG_WARN_EMPTY_BODY = YES;
				CLANG_WARN_ENUM_CONVERSION = YES;
				CLANG_WARN_INFINITE_RECURSION = YES;
				CLANG_WARN_INT_CONVERSION = YES;
				CLANG_WARN_NON_LITERAL_NULL_CONVERSION = YES;
				CLANG_WARN_OBJC_IMPLICIT_RETAIN_SELF = YES;
				CLANG_WARN_OBJC_LITERAL_CONVERSION = YES;
				CLANG_WARN_OBJC_ROOT_CLASS = YES_ERROR;
				CLANG_WARN_RANGE_LOOP_ANALYSIS = YES;
				CLANG_WARN_STRICT_PROTOTYPES = YES;
				CLANG_WARN_SUSPICIOUS_MOVE = YES;
				CLANG_WARN_UNGUARDED_AVAILABILITY = YES_AGGRESSIVE;
				CLANG_WARN_UNREACHABLE_CODE = YES;
				CLANG_WARN__DUPLICATE_METHOD_MATCH = YES;
				CODE_SIGN_IDENTITY = "iPhone Developer";
				COPY_PHASE_STRIP = NO;
				DEBUG_INFORMATION_FORMAT = dwarf;
				ENABLE_STRICT_OBJC_MSGSEND = YES;
				ENABLE_TESTABILITY = YES;
				GCC_C_LANGUAGE_STANDARD = gnu11;
				GCC_DYNAMIC_NO_PIC = NO;
				GCC_NO_COMMON_BLOCKS = YES;
				GCC_OPTIMIZATION_LEVEL = 0;
				GCC_PREPROCESSOR_DEFINITIONS = (
					"DEBUG=1",
					"$(inherited)",
				);
				GCC_WARN_64_TO_32_BIT_CONVERSION = YES;
				GCC_WARN_ABOUT_RETURN_TYPE = YES_ERROR;
				GCC_WARN_UNDECLARED_SELECTOR = YES;
				GCC_WARN_UNINITIALIZED_AUTOS = YES_AGGRESSIVE;
				GCC_WARN_UNUSED_FUNCTION = YES;
				GCC_WARN_UNUSED_VARIABLE = YES;
				IPHONEOS_DEPLOYMENT_TARGET = 12.2;
				MTL_ENABLE_DEBUG_INFO = INCLUDE_SOURCE;
				MTL_FAST_MATH = YES;
				ONLY_ACTIVE_ARCH = YES;
				SDKROOT = iphoneos;
				SWIFT_ACTIVE_COMPILATION_CONDITIONS = DEBUG;
				SWIFT_OPTIMIZATION_LEVEL = "-Onone";
			};
			name = Debug;
		};
		9BAD82BE2283FBE6003752DF /* Release */ = {
			isa = XCBuildConfiguration;
			buildSettings = {
				ALWAYS_SEARCH_USER_PATHS = NO;
				CLANG_ANALYZER_NONNULL = YES;
				CLANG_ANALYZER_NUMBER_OBJECT_CONVERSION = YES_AGGRESSIVE;
				CLANG_CXX_LANGUAGE_STANDARD = "gnu++14";
				CLANG_CXX_LIBRARY = "libc++";
				CLANG_ENABLE_MODULES = YES;
				CLANG_ENABLE_OBJC_ARC = YES;
				CLANG_ENABLE_OBJC_WEAK = YES;
				CLANG_WARN_BLOCK_CAPTURE_AUTORELEASING = YES;
				CLANG_WARN_BOOL_CONVERSION = YES;
				CLANG_WARN_COMMA = YES;
				CLANG_WARN_CONSTANT_CONVERSION = YES;
				CLANG_WARN_DEPRECATED_OBJC_IMPLEMENTATIONS = YES;
				CLANG_WARN_DIRECT_OBJC_ISA_USAGE = YES_ERROR;
				CLANG_WARN_DOCUMENTATION_COMMENTS = YES;
				CLANG_WARN_EMPTY_BODY = YES;
				CLANG_WARN_ENUM_CONVERSION = YES;
				CLANG_WARN_INFINITE_RECURSION = YES;
				CLANG_WARN_INT_CONVERSION = YES;
				CLANG_WARN_NON_LITERAL_NULL_CONVERSION = YES;
				CLANG_WARN_OBJC_IMPLICIT_RETAIN_SELF = YES;
				CLANG_WARN_OBJC_LITERAL_CONVERSION = YES;
				CLANG_WARN_OBJC_ROOT_CLASS = YES_ERROR;
				CLANG_WARN_RANGE_LOOP_ANALYSIS = YES;
				CLANG_WARN_STRICT_PROTOTYPES = YES;
				CLANG_WARN_SUSPICIOUS_MOVE = YES;
				CLANG_WARN_UNGUARDED_AVAILABILITY = YES_AGGRESSIVE;
				CLANG_WARN_UNREACHABLE_CODE = YES;
				CLANG_WARN__DUPLICATE_METHOD_MATCH = YES;
				CODE_SIGN_IDENTITY = "iPhone Developer";
				COPY_PHASE_STRIP = NO;
				DEBUG_INFORMATION_FORMAT = "dwarf-with-dsym";
				ENABLE_NS_ASSERTIONS = NO;
				ENABLE_STRICT_OBJC_MSGSEND = YES;
				GCC_C_LANGUAGE_STANDARD = gnu11;
				GCC_NO_COMMON_BLOCKS = YES;
				GCC_WARN_64_TO_32_BIT_CONVERSION = YES;
				GCC_WARN_ABOUT_RETURN_TYPE = YES_ERROR;
				GCC_WARN_UNDECLARED_SELECTOR = YES;
				GCC_WARN_UNINITIALIZED_AUTOS = YES_AGGRESSIVE;
				GCC_WARN_UNUSED_FUNCTION = YES;
				GCC_WARN_UNUSED_VARIABLE = YES;
				IPHONEOS_DEPLOYMENT_TARGET = 12.2;
				MTL_ENABLE_DEBUG_INFO = NO;
				MTL_FAST_MATH = YES;
				SDKROOT = iphoneos;
				SWIFT_COMPILATION_MODE = wholemodule;
				SWIFT_OPTIMIZATION_LEVEL = "-O";
				VALIDATE_PRODUCT = YES;
			};
			name = Release;
		};
		9BAD82C02283FBE6003752DF /* Debug */ = {
			isa = XCBuildConfiguration;
			buildSettings = {
				ASSETCATALOG_COMPILER_APPICON_NAME = AppIcon;
				CODE_SIGN_STYLE = Automatic;
				DEVELOPMENT_TEAM = 46VFTMYGW3;
				INFOPLIST_FILE = Game1SceneKit/Info.plist;
				LD_RUNPATH_SEARCH_PATHS = (
					"$(inherited)",
					"@executable_path/Frameworks",
				);
				PRODUCT_BUNDLE_IDENTIFIER = com.boppo.Game1SceneKit;
				PRODUCT_NAME = "$(TARGET_NAME)";
				SWIFT_VERSION = 5.0;
				TARGETED_DEVICE_FAMILY = "1,2";
			};
			name = Debug;
		};
		9BAD82C12283FBE6003752DF /* Release */ = {
			isa = XCBuildConfiguration;
			buildSettings = {
				ASSETCATALOG_COMPILER_APPICON_NAME = AppIcon;
				CODE_SIGN_STYLE = Automatic;
				DEVELOPMENT_TEAM = 46VFTMYGW3;
				INFOPLIST_FILE = Game1SceneKit/Info.plist;
				LD_RUNPATH_SEARCH_PATHS = (
					"$(inherited)",
					"@executable_path/Frameworks",
				);
				PRODUCT_BUNDLE_IDENTIFIER = com.boppo.Game1SceneKit;
				PRODUCT_NAME = "$(TARGET_NAME)";
				SWIFT_VERSION = 5.0;
				TARGETED_DEVICE_FAMILY = "1,2";
			};
			name = Release;
		};
/* End XCBuildConfiguration section */

/* Begin XCConfigurationList section */
		9BAD82A62283FBE5003752DF /* Build configuration list for PBXProject "Game1SceneKit" */ = {
			isa = XCConfigurationList;
			buildConfigurations = (
				9BAD82BD2283FBE6003752DF /* Debug */,
				9BAD82BE2283FBE6003752DF /* Release */,
			);
			defaultConfigurationIsVisible = 0;
			defaultConfigurationName = Release;
		};
		9BAD82BF2283FBE6003752DF /* Build configuration list for PBXNativeTarget "Game1SceneKit" */ = {
			isa = XCConfigurationList;
			buildConfigurations = (
				9BAD82C02283FBE6003752DF /* Debug */,
				9BAD82C12283FBE6003752DF /* Release */,
			);
			defaultConfigurationIsVisible = 0;
			defaultConfigurationName = Release;
		};
/* End XCConfigurationList section */
	};
	rootObject = 9BAD82A32283FBE5003752DF /* Project object */;
}
